<?xml version="1.0" encoding="utf-8"?>
<Project ToolsVersion="4.0" xmlns="http://schemas.microsoft.com/developer/msbuild/2003">
  <ItemGroup>
    <Filter Include="Source Files">
      <UniqueIdentifier>{b095866e-a3da-48f7-a952-a3a87c7ce6f0}</UniqueIdentifier>
      <Extensions>cpp;c;cxx;rc;def;r;odl;idl;hpj;bat</Extensions>
    </Filter>
    <Filter Include="Header Files">
      <UniqueIdentifier>{d54121ff-aac8-44c2-98d1-985a9ee99e89}</UniqueIdentifier>
      <Extensions>h;hpp;hxx;hm;inl</Extensions>
    </Filter>
    <Filter Include="Resource Files">
      <UniqueIdentifier>{e86300c5-49bc-41ce-81ce-e532e48995d4}</UniqueIdentifier>
      <Extensions>ico;cur;bmp;dlg;rc2;rct;bin;rgs;gif;jpg;jpeg;jpe</Extensions>
    </Filter>
    <Filter Include="NES">
      <UniqueIdentifier>{f24cea30-36bb-47f5-9f3f-f004c2f39e15}</UniqueIdentifier>
    </Filter>
    <Filter Include="NES\Mapper">
      <UniqueIdentifier>{8a4a63f5-bf5f-4faa-8de9-f730e4107b40}</UniqueIdentifier>
    </Filter>
    <Filter Include="NES\ApuEx">
      <UniqueIdentifier>{237d2e75-94c9-45ae-a65e-7bd7c2e5ee07}</UniqueIdentifier>
    </Filter>
    <Filter Include="NES\ApuEx\emu2413">
      <UniqueIdentifier>{5be1924c-67f9-4ecd-89aa-21476cf7f786}</UniqueIdentifier>
    </Filter>
    <Filter Include="NES\PadEx">
      <UniqueIdentifier>{8342b91c-457d-41f3-909c-a0301422008a}</UniqueIdentifier>
    </Filter>
    <Filter Include="Zlib">
      <UniqueIdentifier>{7136bdc3-ee6e-4401-92ad-f24714e41680}</UniqueIdentifier>
      <Extensions>*.c *.cpp *.h</Extensions>
    </Filter>
    <Filter Include="Zlib\minizip">
      <UniqueIdentifier>{32003c8e-1165-447e-9534-b9fe9df2d96c}</UniqueIdentifier>
    </Filter>
    <Filter Include="Base">
      <UniqueIdentifier>{331ce48e-2e04-488a-9ae0-f14e022ae6a2}</UniqueIdentifier>
    </Filter>
    <Filter Include="App">
      <UniqueIdentifier>{b0474463-95c1-4bd4-a42c-7f1c2806317e}</UniqueIdentifier>
    </Filter>
  </ItemGroup>
  <ItemGroup>
    <ClCompile Include="SimpleVirusChecker.c">
      <Filter>Source Files</Filter>
    </ClCompile>
    <ClCompile Include="NES\Mapper\Mapper.cpp">
      <Filter>NES\Mapper</Filter>
    </ClCompile>
    <ClCompile Include="NES\Mapper\MapperFactory.cpp">
      <Filter>NES\Mapper</Filter>
    </ClCompile>
    <ClCompile Include="NES\ApuEX\emu2413\emu2413.c">
      <Filter>NES\ApuEx\emu2413</Filter>
    </ClCompile>
    <ClCompile Include="NES\ApuEX\APU_FDS.cpp">
      <Filter>NES\ApuEx</Filter>
    </ClCompile>
    <ClCompile Include="NES\ApuEX\APU_FME7.cpp">
      <Filter>NES\ApuEx</Filter>
    </ClCompile>
    <ClCompile Include="NES\ApuEX\APU_INTERNAL.cpp">
      <Filter>NES\ApuEx</Filter>
    </ClCompile>
    <ClCompile Include="NES\ApuEX\APU_MMC5.cpp">
      <Filter>NES\ApuEx</Filter>
    </ClCompile>
    <ClCompile Include="NES\ApuEX\APU_N106.cpp">
      <Filter>NES\ApuEx</Filter>
    </ClCompile>
    <ClCompile Include="NES\ApuEX\APU_VRC6.cpp">
      <Filter>NES\ApuEx</Filter>
    </ClCompile>
    <ClCompile Include="NES\ApuEX\APU_VRC7.cpp">
      <Filter>NES\ApuEx</Filter>
    </ClCompile>
    <ClCompile Include="NES\APU.cpp">
      <Filter>NES</Filter>
    </ClCompile>
    <ClCompile Include="NES\Cpu.cpp">
      <Filter>NES</Filter>
    </ClCompile>
    <ClCompile Include="NES\IPS.cpp">
      <Filter>NES</Filter>
    </ClCompile>
    <ClCompile Include="NES\MMU.cpp">
      <Filter>NES</Filter>
    </ClCompile>
    <ClCompile Include="NES\Nes.cpp">
      <Filter>NES</Filter>
    </ClCompile>
    <ClCompile Include="NES\PAD.cpp">
      <Filter>NES</Filter>
    </ClCompile>
    <ClCompile Include="NES\PPU.cpp">
      <Filter>NES</Filter>
    </ClCompile>
    <ClCompile Include="NES\ROM.cpp">
      <Filter>NES</Filter>
    </ClCompile>
    <ClCompile Include="NES\ROMDB.cpp">
      <Filter>NES</Filter>
    </ClCompile>
    <ClCompile Include="NES\VsUnisystem.cpp">
      <Filter>NES</Filter>
    </ClCompile>
    <ClCompile Include="zlib\adler32.c">
      <Filter>Zlib</Filter>
    </ClCompile>
    <ClCompile Include="zlib\compress.c">
      <Filter>Zlib</Filter>
    </ClCompile>
    <ClCompile Include="zlib\crc32.c">
      <Filter>Zlib</Filter>
    </ClCompile>
    <ClCompile Include="zlib\deflate.c">
      <Filter>Zlib</Filter>
    </ClCompile>
    <ClCompile Include="zlib\gzclose.c">
      <Filter>Zlib</Filter>
    </ClCompile>
    <ClCompile Include="zlib\gzlib.c">
      <Filter>Zlib</Filter>
    </ClCompile>
    <ClCompile Include="zlib\gzread.c">
      <Filter>Zlib</Filter>
    </ClCompile>
    <ClCompile Include="zlib\gzwrite.c">
      <Filter>Zlib</Filter>
    </ClCompile>
    <ClCompile Include="zlib\infback.c">
      <Filter>Zlib</Filter>
    </ClCompile>
    <ClCompile Include="zlib\inffast.c">
      <Filter>Zlib</Filter>
    </ClCompile>
    <ClCompile Include="zlib\inflate.c">
      <Filter>Zlib</Filter>
    </ClCompile>
    <ClCompile Include="zlib\inftrees.c">
      <Filter>Zlib</Filter>
    </ClCompile>
    <ClCompile Include="zlib\trees.c">
      <Filter>Zlib</Filter>
    </ClCompile>
    <ClCompile Include="zlib\uncompr.c">
      <Filter>Zlib</Filter>
    </ClCompile>
    <ClCompile Include="zlib\zutil.c">
      <Filter>Zlib</Filter>
    </ClCompile>
    <ClCompile Include="zlib\minizip\unzip.c">
      <Filter>Zlib\minizip</Filter>
    </ClCompile>
    <ClCompile Include="zlib\minizip\ioapi.c">
      <Filter>Zlib\minizip</Filter>
    </ClCompile>
    <ClCompile Include="Base\Config.cpp">
      <Filter>Base</Filter>
    </ClCompile>
    <ClCompile Include="Base\ConfigWrapper.cpp">
      <Filter>Base</Filter>
    </ClCompile>
    <ClCompile Include="Base\APIWrapper.cpp">
      <Filter>Base</Filter>
    </ClCompile>
    <ClCompile Include="Base\AppWrapper.cpp">
      <Filter>Base</Filter>
    </ClCompile>
    <ClCompile Include="Base\DebugOut.cpp">
      <Filter>Base</Filter>
    </ClCompile>
    <ClCompile Include="Base\Pathlib.cpp">
      <Filter>Base</Filter>
    </ClCompile>
    <ClCompile Include="Base\Crclib.cpp">
      <Filter>Base</Filter>
    </ClCompile>
    <ClCompile Include="Base\Archive.cpp">
      <Filter>Base</Filter>
    </ClCompile>
    <ClCompile Include="App\AboutDlg.cpp">
      <Filter>App</Filter>
    </ClCompile>
    <ClCompile Include="App\App.cpp">
      <Filter>App</Filter>
    </ClCompile>
    <ClCompile Include="App\AviConvDlg.cpp">
      <Filter>App</Filter>
    </ClCompile>
    <ClCompile Include="App\AviWriter.cpp">
      <Filter>App</Filter>
    </ClCompile>
    <ClCompile Include="App\ChatDlg.cpp">
      <Filter>App</Filter>
    </ClCompile>
    <ClCompile Include="App\CheatDlg.cpp">
      <Filter>App</Filter>
    </ClCompile>
    <ClCompile Include="App\Com.cpp">
      <Filter>App</Filter>
    </ClCompile>
    <ClCompile Include="App\ControllerDlg.cpp">
      <Filter>App</Filter>
    </ClCompile>
    <ClCompile Include="App\DatachBarcodeDlg.cpp">
      <Filter>App</Filter>
    </ClCompile>
    <ClCompile Include="App\dinput.cpp">
      <Filter>App</Filter>
    </ClCompile>
    <ClCompile Include="App\DipSwitchDlg.cpp">
      <Filter>App</Filter>
    </ClCompile>
    <ClCompile Include="App\EmulatorDlg.cpp">
      <Filter>App</Filter>
    </ClCompile>
    <ClCompile Include="App\EmuThread.cpp">
      <Filter>App</Filter>
    </ClCompile>
    <ClCompile Include="App\FolderDlg.cpp">
      <Filter>App</Filter>
    </ClCompile>
    <ClCompile Include="App\GameOptionDlg.cpp">
      <Filter>App</Filter>
    </ClCompile>
    <ClCompile Include="App\GraphicsDlg.cpp">
      <Filter>App</Filter>
    </ClCompile>
    <ClCompile Include="App\JoyAxisDlg.cpp">
      <Filter>App</Filter>
    </ClCompile>
    <ClCompile Include="App\LanguageDlg.cpp">
      <Filter>App</Filter>
    </ClCompile>
    <ClCompile Include="App\LauncherDlg.cpp">
      <Filter>App</Filter>
    </ClCompile>
    <ClCompile Include="App\MainFrame.cpp">
      <Filter>App</Filter>
    </ClCompile>
    <ClCompile Include="App\MemoryView.cpp">
      <Filter>App</Filter>
    </ClCompile>
    <ClCompile Include="App\MMTimer.cpp">
      <Filter>App</Filter>
    </ClCompile>
    <ClCompile Include="App\MovieDlg.cpp">
      <Filter>App</Filter>
    </ClCompile>
    <ClCompile Include="App\MovieInfoDlg.cpp">
      <Filter>App</Filter>
    </ClCompile>
    <ClCompile Include="App\NameTableView.cpp">
      <Filter>App</Filter>
    </ClCompile>
    <ClCompile Include="App\NetPlay.cpp">
      <Filter>App</Filter>
    </ClCompile>
    <ClCompile Include="App\NetPlayDlg.cpp">
      <Filter>App</Filter>
    </ClCompile>
    <ClCompile Include="App\PaletteEdit.cpp">
      <Filter>App</Filter>
    </ClCompile>
    <ClCompile Include="App\PaletteView.cpp">
      <Filter>App</Filter>
    </ClCompile>
    <ClCompile Include="App\PatternView.cpp">
      <Filter>App</Filter>
    </ClCompile>
    <ClCompile Include="App\Plugin.cpp">
      <Filter>App</Filter>
    </ClCompile>
    <ClCompile Include="App\Recent.cpp">
      <Filter>App</Filter>
    </ClCompile>
    <ClCompile Include="App\RomInfoDlg.cpp">
      <Filter>App</Filter>
    </ClCompile>
    <ClCompile Include="App\ShortcutDlg.cpp">
      <Filter>App</Filter>
    </ClCompile>
    <ClCompile Include="App\SoundDlg.cpp">
      <Filter>App</Filter>
    </ClCompile>
    <ClCompile Include="App\WaveRec.cpp">
      <Filter>App</Filter>
    </ClCompile>
    <ClCompile Include="App\WinMain.cpp">
      <Filter>App</Filter>
    </ClCompile>
    <ClCompile Include="App\Wnd.cpp">
      <Filter>App</Filter>
    </ClCompile>
    <ClCompile Include="App\WndHook.cpp">
      <Filter>App</Filter>
    </ClCompile>
    <ClCompile Include="App\Registry.cpp">
      <Filter>App</Filter>
    </ClCompile>
    <ClCompile Include="App\DirectDraw.cpp">
      <Filter>App</Filter>
    </ClCompile>
    <ClCompile Include="App\DirectInput.cpp">
      <Filter>App</Filter>
    </ClCompile>
    <ClCompile Include="App\DirectSound.cpp">
      <Filter>App</Filter>
    </ClCompile>
    <ClCompile Include="NESSnapshot.cpp">
      <Filter>Source Files</Filter>
    </ClCompile>
    <ClCompile Include="NES\CPUOpCode.cpp">
      <Filter>NES</Filter>
    </ClCompile>
  </ItemGroup>
  <ItemGroup>
    <ClInclude Include="SimpleVirusChecker.h">
      <Filter>Header Files</Filter>
    </ClInclude>
    <ClInclude Include="VirtuaNESres.h">
      <Filter>Header Files</Filter>
    </ClInclude>
    <ClInclude Include="NES\Mapper\EEPROM.h">
      <Filter>NES\Mapper</Filter>
    </ClInclude>
    <ClInclude Include="NES\Mapper\Mapper.h">
      <Filter>NES\Mapper</Filter>
    </ClInclude>
    <ClInclude Include="NES\ApuEX\emu2413\2413tone.h">
      <Filter>NES\ApuEx\emu2413</Filter>
    </ClInclude>
    <ClInclude Include="NES\ApuEX\emu2413\emu2413.h">
      <Filter>NES\ApuEx\emu2413</Filter>
    </ClInclude>
    <ClInclude Include="NES\ApuEX\emu2413\vrc7tone.h">
      <Filter>NES\ApuEx\emu2413</Filter>
    </ClInclude>
    <ClInclude Include="NES\ApuEX\APU_FDS.h">
      <Filter>NES\ApuEx</Filter>
    </ClInclude>
    <ClInclude Include="NES\ApuEX\APU_FME7.h">
      <Filter>NES\ApuEx</Filter>
    </ClInclude>
    <ClInclude Include="NES\ApuEX\APU_INTERFACE.h">
      <Filter>NES\ApuEx</Filter>
    </ClInclude>
    <ClInclude Include="NES\ApuEX\APU_INTERNAL.h">
      <Filter>NES\ApuEx</Filter>
    </ClInclude>
    <ClInclude Include="NES\ApuEX\APU_MMC5.h">
      <Filter>NES\ApuEx</Filter>
    </ClInclude>
    <ClInclude Include="NES\ApuEX\APU_N106.h">
      <Filter>NES\ApuEx</Filter>
    </ClInclude>
    <ClInclude Include="NES\ApuEX\APU_VRC6.h">
      <Filter>NES\ApuEx</Filter>
    </ClInclude>
    <ClInclude Include="NES\ApuEX\APU_VRC7.h">
      <Filter>NES\ApuEx</Filter>
    </ClInclude>
    <ClInclude Include="NES\APU.h">
      <Filter>NES</Filter>
    </ClInclude>
    <ClInclude Include="NES\Cheat.h">
      <Filter>NES</Filter>
    </ClInclude>
    <ClInclude Include="NES\CPU.h">
      <Filter>NES</Filter>
    </ClInclude>
    <ClInclude Include="NES\IPS.h">
      <Filter>NES</Filter>
    </ClInclude>
    <ClInclude Include="NES\MMU.h">
      <Filter>NES</Filter>
    </ClInclude>
    <ClInclude Include="NES\Nes.h">
      <Filter>NES</Filter>
    </ClInclude>
    <ClInclude Include="NES\PAD.h">
      <Filter>NES</Filter>
    </ClInclude>
    <ClInclude Include="NES\PPU.h">
      <Filter>NES</Filter>
    </ClInclude>
    <ClInclude Include="NES\ROM.h">
      <Filter>NES</Filter>
    </ClInclude>
    <ClInclude Include="NES\ROMDB.h">
      <Filter>NES</Filter>
    </ClInclude>
    <ClInclude Include="NES\State.h">
      <Filter>NES</Filter>
    </ClInclude>
    <ClInclude Include="NES\VS_Setting.h">
      <Filter>NES</Filter>
    </ClInclude>
    <ClInclude Include="NES\VsUnisystem.h">
      <Filter>NES</Filter>
    </ClInclude>
    <ClInclude Include="NES\ROM_Patch.hpp">
      <Filter>NES</Filter>
    </ClInclude>
    <ClInclude Include="NES\Mapper\Mapper000.h">
      <Filter>NES\Mapper</Filter>
    </ClInclude>
    <ClInclude Include="NES\Mapper\Mapper000.hpp">
      <Filter>NES\Mapper</Filter>
    </ClInclude>
    <ClInclude Include="NES\Mapper\Mapper001.h">
      <Filter>NES\Mapper</Filter>
    </ClInclude>
    <ClInclude Include="NES\Mapper\Mapper001.hpp">
      <Filter>NES\Mapper</Filter>
    </ClInclude>
    <ClInclude Include="NES\Mapper\Mapper002.h">
      <Filter>NES\Mapper</Filter>
    </ClInclude>
    <ClInclude Include="NES\Mapper\Mapper002.hpp">
      <Filter>NES\Mapper</Filter>
    </ClInclude>
    <ClInclude Include="NES\Mapper\Mapper003.h">
      <Filter>NES\Mapper</Filter>
    </ClInclude>
    <ClInclude Include="NES\Mapper\Mapper003.hpp">
      <Filter>NES\Mapper</Filter>
    </ClInclude>
    <ClInclude Include="NES\Mapper\Mapper004.h">
      <Filter>NES\Mapper</Filter>
    </ClInclude>
    <ClInclude Include="NES\Mapper\Mapper004.hpp">
      <Filter>NES\Mapper</Filter>
    </ClInclude>
    <ClInclude Include="NES\Mapper\Mapper005.h">
      <Filter>NES\Mapper</Filter>
    </ClInclude>
    <ClInclude Include="NES\Mapper\Mapper005.hpp">
      <Filter>NES\Mapper</Filter>
    </ClInclude>
    <ClInclude Include="NES\Mapper\Mapper006.h">
      <Filter>NES\Mapper</Filter>
    </ClInclude>
    <ClInclude Include="NES\Mapper\Mapper006.hpp">
      <Filter>NES\Mapper</Filter>
    </ClInclude>
    <ClInclude Include="NES\Mapper\Mapper007.h">
      <Filter>NES\Mapper</Filter>
    </ClInclude>
    <ClInclude Include="NES\Mapper\Mapper007.hpp">
      <Filter>NES\Mapper</Filter>
    </ClInclude>
    <ClInclude Include="NES\Mapper\Mapper008.h">
      <Filter>NES\Mapper</Filter>
    </ClInclude>
    <ClInclude Include="NES\Mapper\Mapper008.hpp">
      <Filter>NES\Mapper</Filter>
    </ClInclude>
    <ClInclude Include="NES\Mapper\Mapper009.h">
      <Filter>NES\Mapper</Filter>
    </ClInclude>
    <ClInclude Include="NES\Mapper\Mapper009.hpp">
      <Filter>NES\Mapper</Filter>
    </ClInclude>
    <ClInclude Include="NES\Mapper\Mapper010.h">
      <Filter>NES\Mapper</Filter>
    </ClInclude>
    <ClInclude Include="NES\Mapper\Mapper010.hpp">
      <Filter>NES\Mapper</Filter>
    </ClInclude>
    <ClInclude Include="NES\Mapper\Mapper011.h">
      <Filter>NES\Mapper</Filter>
    </ClInclude>
    <ClInclude Include="NES\Mapper\Mapper011.hpp">
      <Filter>NES\Mapper</Filter>
    </ClInclude>
    <ClInclude Include="NES\Mapper\Mapper012.h">
      <Filter>NES\Mapper</Filter>
    </ClInclude>
    <ClInclude Include="NES\Mapper\Mapper012.hpp">
      <Filter>NES\Mapper</Filter>
    </ClInclude>
    <ClInclude Include="NES\Mapper\Mapper013.h">
      <Filter>NES\Mapper</Filter>
    </ClInclude>
    <ClInclude Include="NES\Mapper\Mapper013.hpp">
      <Filter>NES\Mapper</Filter>
    </ClInclude>
    <ClInclude Include="NES\Mapper\Mapper015.h">
      <Filter>NES\Mapper</Filter>
    </ClInclude>
    <ClInclude Include="NES\Mapper\Mapper015.hpp">
      <Filter>NES\Mapper</Filter>
    </ClInclude>
    <ClInclude Include="NES\Mapper\Mapper016.h">
      <Filter>NES\Mapper</Filter>
    </ClInclude>
    <ClInclude Include="NES\Mapper\Mapper016.hpp">
      <Filter>NES\Mapper</Filter>
    </ClInclude>
    <ClInclude Include="NES\Mapper\Mapper017.h">
      <Filter>NES\Mapper</Filter>
    </ClInclude>
    <ClInclude Include="NES\Mapper\Mapper017.hpp">
      <Filter>NES\Mapper</Filter>
    </ClInclude>
    <ClInclude Include="NES\Mapper\Mapper018.h">
      <Filter>NES\Mapper</Filter>
    </ClInclude>
    <ClInclude Include="NES\Mapper\Mapper018.hpp">
      <Filter>NES\Mapper</Filter>
    </ClInclude>
    <ClInclude Include="NES\Mapper\Mapper019.h">
      <Filter>NES\Mapper</Filter>
    </ClInclude>
    <ClInclude Include="NES\Mapper\Mapper019.hpp">
      <Filter>NES\Mapper</Filter>
    </ClInclude>
    <ClInclude Include="NES\Mapper\Mapper021.h">
      <Filter>NES\Mapper</Filter>
    </ClInclude>
    <ClInclude Include="NES\Mapper\Mapper021.hpp">
      <Filter>NES\Mapper</Filter>
    </ClInclude>
    <ClInclude Include="NES\Mapper\Mapper022.h">
      <Filter>NES\Mapper</Filter>
    </ClInclude>
    <ClInclude Include="NES\Mapper\Mapper022.hpp">
      <Filter>NES\Mapper</Filter>
    </ClInclude>
    <ClInclude Include="NES\Mapper\Mapper023.h">
      <Filter>NES\Mapper</Filter>
    </ClInclude>
    <ClInclude Include="NES\Mapper\Mapper023.hpp">
      <Filter>NES\Mapper</Filter>
    </ClInclude>
    <ClInclude Include="NES\Mapper\Mapper024.h">
      <Filter>NES\Mapper</Filter>
    </ClInclude>
    <ClInclude Include="NES\Mapper\Mapper024.hpp">
      <Filter>NES\Mapper</Filter>
    </ClInclude>
    <ClInclude Include="NES\Mapper\Mapper025.h">
      <Filter>NES\Mapper</Filter>
    </ClInclude>
    <ClInclude Include="NES\Mapper\Mapper025.hpp">
      <Filter>NES\Mapper</Filter>
    </ClInclude>
    <ClInclude Include="NES\Mapper\Mapper026.h">
      <Filter>NES\Mapper</Filter>
    </ClInclude>
    <ClInclude Include="NES\Mapper\Mapper026.hpp">
      <Filter>NES\Mapper</Filter>
    </ClInclude>
    <ClInclude Include="NES\Mapper\Mapper027.h">
      <Filter>NES\Mapper</Filter>
    </ClInclude>
    <ClInclude Include="NES\Mapper\Mapper027.hpp">
      <Filter>NES\Mapper</Filter>
    </ClInclude>
    <ClInclude Include="NES\Mapper\Mapper032.h">
      <Filter>NES\Mapper</Filter>
    </ClInclude>
    <ClInclude Include="NES\Mapper\Mapper032.hpp">
      <Filter>NES\Mapper</Filter>
    </ClInclude>
    <ClInclude Include="NES\Mapper\Mapper033.h">
      <Filter>NES\Mapper</Filter>
    </ClInclude>
    <ClInclude Include="NES\Mapper\Mapper033.hpp">
      <Filter>NES\Mapper</Filter>
    </ClInclude>
    <ClInclude Include="NES\Mapper\Mapper034.h">
      <Filter>NES\Mapper</Filter>
    </ClInclude>
    <ClInclude Include="NES\Mapper\Mapper034.hpp">
      <Filter>NES\Mapper</Filter>
    </ClInclude>
    <ClInclude Include="NES\Mapper\Mapper040.h">
      <Filter>NES\Mapper</Filter>
    </ClInclude>
    <ClInclude Include="NES\Mapper\Mapper040.hpp">
      <Filter>NES\Mapper</Filter>
    </ClInclude>
    <ClInclude Include="NES\Mapper\Mapper041.h">
      <Filter>NES\Mapper</Filter>
    </ClInclude>
    <ClInclude Include="NES\Mapper\Mapper041.hpp">
      <Filter>NES\Mapper</Filter>
    </ClInclude>
    <ClInclude Include="NES\Mapper\Mapper042.h">
      <Filter>NES\Mapper</Filter>
    </ClInclude>
    <ClInclude Include="NES\Mapper\Mapper042.hpp">
      <Filter>NES\Mapper</Filter>
    </ClInclude>
    <ClInclude Include="NES\Mapper\Mapper043.h">
      <Filter>NES\Mapper</Filter>
    </ClInclude>
    <ClInclude Include="NES\Mapper\Mapper043.hpp">
      <Filter>NES\Mapper</Filter>
    </ClInclude>
    <ClInclude Include="NES\Mapper\Mapper044.h">
      <Filter>NES\Mapper</Filter>
    </ClInclude>
    <ClInclude Include="NES\Mapper\Mapper044.hpp">
      <Filter>NES\Mapper</Filter>
    </ClInclude>
    <ClInclude Include="NES\Mapper\Mapper045.h">
      <Filter>NES\Mapper</Filter>
    </ClInclude>
    <ClInclude Include="NES\Mapper\Mapper045.hpp">
      <Filter>NES\Mapper</Filter>
    </ClInclude>
    <ClInclude Include="NES\Mapper\Mapper046.h">
      <Filter>NES\Mapper</Filter>
    </ClInclude>
    <ClInclude Include="NES\Mapper\Mapper046.hpp">
      <Filter>NES\Mapper</Filter>
    </ClInclude>
    <ClInclude Include="NES\Mapper\Mapper047.h">
      <Filter>NES\Mapper</Filter>
    </ClInclude>
    <ClInclude Include="NES\Mapper\Mapper047.hpp">
      <Filter>NES\Mapper</Filter>
    </ClInclude>
    <ClInclude Include="NES\Mapper\Mapper048.h">
      <Filter>NES\Mapper</Filter>
    </ClInclude>
    <ClInclude Include="NES\Mapper\Mapper048.hpp">
      <Filter>NES\Mapper</Filter>
    </ClInclude>
    <ClInclude Include="NES\Mapper\Mapper050.h">
      <Filter>NES\Mapper</Filter>
    </ClInclude>
    <ClInclude Include="NES\Mapper\Mapper050.hpp">
      <Filter>NES\Mapper</Filter>
    </ClInclude>
    <ClInclude Include="NES\Mapper\Mapper051.h">
      <Filter>NES\Mapper</Filter>
    </ClInclude>
    <ClInclude Include="NES\Mapper\Mapper051.hpp">
      <Filter>NES\Mapper</Filter>
    </ClInclude>
    <ClInclude Include="NES\Mapper\Mapper057.h">
      <Filter>NES\Mapper</Filter>
    </ClInclude>
    <ClInclude Include="NES\Mapper\Mapper057.hpp">
      <Filter>NES\Mapper</Filter>
    </ClInclude>
    <ClInclude Include="NES\Mapper\Mapper058.h">
      <Filter>NES\Mapper</Filter>
    </ClInclude>
    <ClInclude Include="NES\Mapper\Mapper058.hpp">
      <Filter>NES\Mapper</Filter>
    </ClInclude>
    <ClInclude Include="NES\Mapper\Mapper060.h">
      <Filter>NES\Mapper</Filter>
    </ClInclude>
    <ClInclude Include="NES\Mapper\Mapper060.hpp">
      <Filter>NES\Mapper</Filter>
    </ClInclude>
    <ClInclude Include="NES\Mapper\Mapper061.h">
      <Filter>NES\Mapper</Filter>
    </ClInclude>
    <ClInclude Include="NES\Mapper\Mapper061.hpp">
      <Filter>NES\Mapper</Filter>
    </ClInclude>
    <ClInclude Include="NES\Mapper\Mapper062.h">
      <Filter>NES\Mapper</Filter>
    </ClInclude>
    <ClInclude Include="NES\Mapper\Mapper062.hpp">
      <Filter>NES\Mapper</Filter>
    </ClInclude>
    <ClInclude Include="NES\Mapper\Mapper064.h">
      <Filter>NES\Mapper</Filter>
    </ClInclude>
    <ClInclude Include="NES\Mapper\Mapper064.hpp">
      <Filter>NES\Mapper</Filter>
    </ClInclude>
    <ClInclude Include="NES\Mapper\Mapper065.h">
      <Filter>NES\Mapper</Filter>
    </ClInclude>
    <ClInclude Include="NES\Mapper\Mapper065.hpp">
      <Filter>NES\Mapper</Filter>
    </ClInclude>
    <ClInclude Include="NES\Mapper\Mapper066.h">
      <Filter>NES\Mapper</Filter>
    </ClInclude>
    <ClInclude Include="NES\Mapper\Mapper066.hpp">
      <Filter>NES\Mapper</Filter>
    </ClInclude>
    <ClInclude Include="NES\Mapper\Mapper067.h">
      <Filter>NES\Mapper</Filter>
    </ClInclude>
    <ClInclude Include="NES\Mapper\Mapper067.hpp">
      <Filter>NES\Mapper</Filter>
    </ClInclude>
    <ClInclude Include="NES\Mapper\Mapper068.h">
      <Filter>NES\Mapper</Filter>
    </ClInclude>
    <ClInclude Include="NES\Mapper\Mapper068.hpp">
      <Filter>NES\Mapper</Filter>
    </ClInclude>
    <ClInclude Include="NES\Mapper\Mapper069.h">
      <Filter>NES\Mapper</Filter>
    </ClInclude>
    <ClInclude Include="NES\Mapper\Mapper069.hpp">
      <Filter>NES\Mapper</Filter>
    </ClInclude>
    <ClInclude Include="NES\Mapper\Mapper070.h">
      <Filter>NES\Mapper</Filter>
    </ClInclude>
    <ClInclude Include="NES\Mapper\Mapper070.hpp">
      <Filter>NES\Mapper</Filter>
    </ClInclude>
    <ClInclude Include="NES\Mapper\Mapper071.h">
      <Filter>NES\Mapper</Filter>
    </ClInclude>
    <ClInclude Include="NES\Mapper\Mapper071.hpp">
      <Filter>NES\Mapper</Filter>
    </ClInclude>
    <ClInclude Include="NES\Mapper\Mapper072.h">
      <Filter>NES\Mapper</Filter>
    </ClInclude>
    <ClInclude Include="NES\Mapper\Mapper072.hpp">
      <Filter>NES\Mapper</Filter>
    </ClInclude>
    <ClInclude Include="NES\Mapper\Mapper073.h">
      <Filter>NES\Mapper</Filter>
    </ClInclude>
    <ClInclude Include="NES\Mapper\Mapper073.hpp">
      <Filter>NES\Mapper</Filter>
    </ClInclude>
    <ClInclude Include="NES\Mapper\Mapper074.h">
      <Filter>NES\Mapper</Filter>
    </ClInclude>
    <ClInclude Include="NES\Mapper\Mapper074.hpp">
      <Filter>NES\Mapper</Filter>
    </ClInclude>
    <ClInclude Include="NES\Mapper\Mapper075.h">
      <Filter>NES\Mapper</Filter>
    </ClInclude>
    <ClInclude Include="NES\Mapper\Mapper075.hpp">
      <Filter>NES\Mapper</Filter>
    </ClInclude>
    <ClInclude Include="NES\Mapper\Mapper076.h">
      <Filter>NES\Mapper</Filter>
    </ClInclude>
    <ClInclude Include="NES\Mapper\Mapper076.hpp">
      <Filter>NES\Mapper</Filter>
    </ClInclude>
    <ClInclude Include="NES\Mapper\Mapper077.h">
      <Filter>NES\Mapper</Filter>
    </ClInclude>
    <ClInclude Include="NES\Mapper\Mapper077.hpp">
      <Filter>NES\Mapper</Filter>
    </ClInclude>
    <ClInclude Include="NES\Mapper\Mapper078.h">
      <Filter>NES\Mapper</Filter>
    </ClInclude>
    <ClInclude Include="NES\Mapper\Mapper078.hpp">
      <Filter>NES\Mapper</Filter>
    </ClInclude>
    <ClInclude Include="NES\Mapper\Mapper079.h">
      <Filter>NES\Mapper</Filter>
    </ClInclude>
    <ClInclude Include="NES\Mapper\Mapper079.hpp">
      <Filter>NES\Mapper</Filter>
    </ClInclude>
    <ClInclude Include="NES\Mapper\Mapper080.h">
      <Filter>NES\Mapper</Filter>
    </ClInclude>
    <ClInclude Include="NES\Mapper\Mapper080.hpp">
      <Filter>NES\Mapper</Filter>
    </ClInclude>
    <ClInclude Include="NES\Mapper\Mapper082.h">
      <Filter>NES\Mapper</Filter>
    </ClInclude>
    <ClInclude Include="NES\Mapper\Mapper082.hpp">
      <Filter>NES\Mapper</Filter>
    </ClInclude>
    <ClInclude Include="NES\Mapper\Mapper083.h">
      <Filter>NES\Mapper</Filter>
    </ClInclude>
    <ClInclude Include="NES\Mapper\Mapper083.hpp">
      <Filter>NES\Mapper</Filter>
    </ClInclude>
    <ClInclude Include="NES\Mapper\Mapper085.h">
      <Filter>NES\Mapper</Filter>
    </ClInclude>
    <ClInclude Include="NES\Mapper\Mapper085.hpp">
      <Filter>NES\Mapper</Filter>
    </ClInclude>
    <ClInclude Include="NES\Mapper\Mapper086.h">
      <Filter>NES\Mapper</Filter>
    </ClInclude>
    <ClInclude Include="NES\Mapper\Mapper086.hpp">
      <Filter>NES\Mapper</Filter>
    </ClInclude>
    <ClInclude Include="NES\Mapper\Mapper087.h">
      <Filter>NES\Mapper</Filter>
    </ClInclude>
    <ClInclude Include="NES\Mapper\Mapper087.hpp">
      <Filter>NES\Mapper</Filter>
    </ClInclude>
    <ClInclude Include="NES\Mapper\Mapper088.h">
      <Filter>NES\Mapper</Filter>
    </ClInclude>
    <ClInclude Include="NES\Mapper\Mapper088.hpp">
      <Filter>NES\Mapper</Filter>
    </ClInclude>
    <ClInclude Include="NES\Mapper\Mapper089.h">
      <Filter>NES\Mapper</Filter>
    </ClInclude>
    <ClInclude Include="NES\Mapper\Mapper089.hpp">
      <Filter>NES\Mapper</Filter>
    </ClInclude>
    <ClInclude Include="NES\Mapper\Mapper090.h">
      <Filter>NES\Mapper</Filter>
    </ClInclude>
    <ClInclude Include="NES\Mapper\Mapper090.hpp">
      <Filter>NES\Mapper</Filter>
    </ClInclude>
    <ClInclude Include="NES\Mapper\Mapper091.h">
      <Filter>NES\Mapper</Filter>
    </ClInclude>
    <ClInclude Include="NES\Mapper\Mapper091.hpp">
      <Filter>NES\Mapper</Filter>
    </ClInclude>
    <ClInclude Include="NES\Mapper\Mapper092.h">
      <Filter>NES\Mapper</Filter>
    </ClInclude>
    <ClInclude Include="NES\Mapper\Mapper092.hpp">
      <Filter>NES\Mapper</Filter>
    </ClInclude>
    <ClInclude Include="NES\Mapper\Mapper093.h">
      <Filter>NES\Mapper</Filter>
    </ClInclude>
    <ClInclude Include="NES\Mapper\Mapper093.hpp">
      <Filter>NES\Mapper</Filter>
    </ClInclude>
    <ClInclude Include="NES\Mapper\Mapper094.h">
      <Filter>NES\Mapper</Filter>
    </ClInclude>
    <ClInclude Include="NES\Mapper\Mapper094.hpp">
      <Filter>NES\Mapper</Filter>
    </ClInclude>
    <ClInclude Include="NES\Mapper\Mapper095.h">
      <Filter>NES\Mapper</Filter>
    </ClInclude>
    <ClInclude Include="NES\Mapper\Mapper095.hpp">
      <Filter>NES\Mapper</Filter>
    </ClInclude>
    <ClInclude Include="NES\Mapper\Mapper096.h">
      <Filter>NES\Mapper</Filter>
    </ClInclude>
    <ClInclude Include="NES\Mapper\Mapper096.hpp">
      <Filter>NES\Mapper</Filter>
    </ClInclude>
    <ClInclude Include="NES\Mapper\Mapper097.h">
      <Filter>NES\Mapper</Filter>
    </ClInclude>
    <ClInclude Include="NES\Mapper\Mapper097.hpp">
      <Filter>NES\Mapper</Filter>
    </ClInclude>
    <ClInclude Include="NES\Mapper\Mapper099.h">
      <Filter>NES\Mapper</Filter>
    </ClInclude>
    <ClInclude Include="NES\Mapper\Mapper099.hpp">
      <Filter>NES\Mapper</Filter>
    </ClInclude>
    <ClInclude Include="NES\Mapper\Mapper100.h">
      <Filter>NES\Mapper</Filter>
    </ClInclude>
    <ClInclude Include="NES\Mapper\Mapper100.hpp">
      <Filter>NES\Mapper</Filter>
    </ClInclude>
    <ClInclude Include="NES\Mapper\Mapper101.h">
      <Filter>NES\Mapper</Filter>
    </ClInclude>
    <ClInclude Include="NES\Mapper\Mapper101.hpp">
      <Filter>NES\Mapper</Filter>
    </ClInclude>
    <ClInclude Include="NES\Mapper\Mapper105.h">
      <Filter>NES\Mapper</Filter>
    </ClInclude>
    <ClInclude Include="NES\Mapper\Mapper105.hpp">
      <Filter>NES\Mapper</Filter>
    </ClInclude>
    <ClInclude Include="NES\Mapper\Mapper107.h">
      <Filter>NES\Mapper</Filter>
    </ClInclude>
    <ClInclude Include="NES\Mapper\Mapper107.hpp">
      <Filter>NES\Mapper</Filter>
    </ClInclude>
    <ClInclude Include="NES\Mapper\Mapper108.h">
      <Filter>NES\Mapper</Filter>
    </ClInclude>
    <ClInclude Include="NES\Mapper\Mapper108.hpp">
      <Filter>NES\Mapper</Filter>
    </ClInclude>
    <ClInclude Include="NES\Mapper\Mapper109.h">
      <Filter>NES\Mapper</Filter>
    </ClInclude>
    <ClInclude Include="NES\Mapper\Mapper109.hpp">
      <Filter>NES\Mapper</Filter>
    </ClInclude>
    <ClInclude Include="NES\Mapper\Mapper110.h">
      <Filter>NES\Mapper</Filter>
    </ClInclude>
    <ClInclude Include="NES\Mapper\Mapper110.hpp">
      <Filter>NES\Mapper</Filter>
    </ClInclude>
    <ClInclude Include="NES\Mapper\Mapper112.h">
      <Filter>NES\Mapper</Filter>
    </ClInclude>
    <ClInclude Include="NES\Mapper\Mapper112.hpp">
      <Filter>NES\Mapper</Filter>
    </ClInclude>
    <ClInclude Include="NES\Mapper\Mapper113.h">
      <Filter>NES\Mapper</Filter>
    </ClInclude>
    <ClInclude Include="NES\Mapper\Mapper113.hpp">
      <Filter>NES\Mapper</Filter>
    </ClInclude>
    <ClInclude Include="NES\Mapper\Mapper114.h">
      <Filter>NES\Mapper</Filter>
    </ClInclude>
    <ClInclude Include="NES\Mapper\Mapper114.hpp">
      <Filter>NES\Mapper</Filter>
    </ClInclude>
    <ClInclude Include="NES\Mapper\Mapper115.h">
      <Filter>NES\Mapper</Filter>
    </ClInclude>
    <ClInclude Include="NES\Mapper\Mapper115.hpp">
      <Filter>NES\Mapper</Filter>
    </ClInclude>
    <ClInclude Include="NES\Mapper\Mapper116.h">
      <Filter>NES\Mapper</Filter>
    </ClInclude>
    <ClInclude Include="NES\Mapper\Mapper116.hpp">
      <Filter>NES\Mapper</Filter>
    </ClInclude>
    <ClInclude Include="NES\Mapper\Mapper117.h">
      <Filter>NES\Mapper</Filter>
    </ClInclude>
    <ClInclude Include="NES\Mapper\Mapper117.hpp">
      <Filter>NES\Mapper</Filter>
    </ClInclude>
    <ClInclude Include="NES\Mapper\Mapper118.h">
      <Filter>NES\Mapper</Filter>
    </ClInclude>
    <ClInclude Include="NES\Mapper\Mapper118.hpp">
      <Filter>NES\Mapper</Filter>
    </ClInclude>
    <ClInclude Include="NES\Mapper\Mapper119.h">
      <Filter>NES\Mapper</Filter>
    </ClInclude>
    <ClInclude Include="NES\Mapper\Mapper119.hpp">
      <Filter>NES\Mapper</Filter>
    </ClInclude>
    <ClInclude Include="NES\Mapper\Mapper122.h">
      <Filter>NES\Mapper</Filter>
    </ClInclude>
    <ClInclude Include="NES\Mapper\Mapper122.hpp">
      <Filter>NES\Mapper</Filter>
    </ClInclude>
    <ClInclude Include="NES\Mapper\Mapper133.h">
      <Filter>NES\Mapper</Filter>
    </ClInclude>
    <ClInclude Include="NES\Mapper\Mapper133.hpp">
      <Filter>NES\Mapper</Filter>
    </ClInclude>
    <ClInclude Include="NES\Mapper\Mapper134.h">
      <Filter>NES\Mapper</Filter>
    </ClInclude>
    <ClInclude Include="NES\Mapper\Mapper134.hpp">
      <Filter>NES\Mapper</Filter>
    </ClInclude>
    <ClInclude Include="NES\Mapper\Mapper135.h">
      <Filter>NES\Mapper</Filter>
    </ClInclude>
    <ClInclude Include="NES\Mapper\Mapper135.hpp">
      <Filter>NES\Mapper</Filter>
    </ClInclude>
    <ClInclude Include="NES\Mapper\Mapper140.h">
      <Filter>NES\Mapper</Filter>
    </ClInclude>
    <ClInclude Include="NES\Mapper\Mapper140.hpp">
      <Filter>NES\Mapper</Filter>
    </ClInclude>
    <ClInclude Include="NES\Mapper\Mapper142.h">
      <Filter>NES\Mapper</Filter>
    </ClInclude>
    <ClInclude Include="NES\Mapper\Mapper142.hpp">
      <Filter>NES\Mapper</Filter>
    </ClInclude>
    <ClInclude Include="NES\Mapper\Mapper151.h">
      <Filter>NES\Mapper</Filter>
    </ClInclude>
    <ClInclude Include="NES\Mapper\Mapper151.hpp">
      <Filter>NES\Mapper</Filter>
    </ClInclude>
    <ClInclude Include="NES\Mapper\Mapper160.h">
      <Filter>NES\Mapper</Filter>
    </ClInclude>
    <ClInclude Include="NES\Mapper\Mapper160.hpp">
      <Filter>NES\Mapper</Filter>
    </ClInclude>
    <ClInclude Include="NES\Mapper\Mapper164.h">
      <Filter>NES\Mapper</Filter>
    </ClInclude>
    <ClInclude Include="NES\Mapper\Mapper164.hpp">
      <Filter>NES\Mapper</Filter>
    </ClInclude>
    <ClInclude Include="NES\Mapper\Mapper165.h">
      <Filter>NES\Mapper</Filter>
    </ClInclude>
    <ClInclude Include="NES\Mapper\Mapper165.hpp">
      <Filter>NES\Mapper</Filter>
    </ClInclude>
    <ClInclude Include="NES\Mapper\Mapper167.h">
      <Filter>NES\Mapper</Filter>
    </ClInclude>
    <ClInclude Include="NES\Mapper\Mapper167.hpp">
      <Filter>NES\Mapper</Filter>
    </ClInclude>
    <ClInclude Include="NES\Mapper\Mapper180.h">
      <Filter>NES\Mapper</Filter>
    </ClInclude>
    <ClInclude Include="NES\Mapper\Mapper180.hpp">
      <Filter>NES\Mapper</Filter>
    </ClInclude>
    <ClInclude Include="NES\Mapper\Mapper181.h">
      <Filter>NES\Mapper</Filter>
    </ClInclude>
    <ClInclude Include="NES\Mapper\Mapper181.hpp">
      <Filter>NES\Mapper</Filter>
    </ClInclude>
    <ClInclude Include="NES\Mapper\Mapper182.h">
      <Filter>NES\Mapper</Filter>
    </ClInclude>
    <ClInclude Include="NES\Mapper\Mapper182.hpp">
      <Filter>NES\Mapper</Filter>
    </ClInclude>
    <ClInclude Include="NES\Mapper\Mapper183.h">
      <Filter>NES\Mapper</Filter>
    </ClInclude>
    <ClInclude Include="NES\Mapper\Mapper183.hpp">
      <Filter>NES\Mapper</Filter>
    </ClInclude>
    <ClInclude Include="NES\Mapper\Mapper185.h">
      <Filter>NES\Mapper</Filter>
    </ClInclude>
    <ClInclude Include="NES\Mapper\Mapper185.hpp">
      <Filter>NES\Mapper</Filter>
    </ClInclude>
    <ClInclude Include="NES\Mapper\Mapper187.h">
      <Filter>NES\Mapper</Filter>
    </ClInclude>
    <ClInclude Include="NES\Mapper\Mapper187.hpp">
      <Filter>NES\Mapper</Filter>
    </ClInclude>
    <ClInclude Include="NES\Mapper\Mapper188.h">
      <Filter>NES\Mapper</Filter>
    </ClInclude>
    <ClInclude Include="NES\Mapper\Mapper188.hpp">
      <Filter>NES\Mapper</Filter>
    </ClInclude>
    <ClInclude Include="NES\Mapper\Mapper189.h">
      <Filter>NES\Mapper</Filter>
    </ClInclude>
    <ClInclude Include="NES\Mapper\Mapper189.hpp">
      <Filter>NES\Mapper</Filter>
    </ClInclude>
    <ClInclude Include="NES\Mapper\Mapper190.h">
      <Filter>NES\Mapper</Filter>
    </ClInclude>
    <ClInclude Include="NES\Mapper\Mapper190.hpp">
      <Filter>NES\Mapper</Filter>
    </ClInclude>
    <ClInclude Include="NES\Mapper\Mapper191.h">
      <Filter>NES\Mapper</Filter>
    </ClInclude>
    <ClInclude Include="NES\Mapper\Mapper191.hpp">
      <Filter>NES\Mapper</Filter>
    </ClInclude>
    <ClInclude Include="NES\Mapper\Mapper193.h">
      <Filter>NES\Mapper</Filter>
    </ClInclude>
    <ClInclude Include="NES\Mapper\Mapper193.hpp">
      <Filter>NES\Mapper</Filter>
    </ClInclude>
    <ClInclude Include="NES\Mapper\Mapper194.h">
      <Filter>NES\Mapper</Filter>
    </ClInclude>
    <ClInclude Include="NES\Mapper\Mapper194.hpp">
      <Filter>NES\Mapper</Filter>
    </ClInclude>
    <ClInclude Include="NES\Mapper\Mapper198.h">
      <Filter>NES\Mapper</Filter>
    </ClInclude>
    <ClInclude Include="NES\Mapper\Mapper198.hpp">
      <Filter>NES\Mapper</Filter>
    </ClInclude>
    <ClInclude Include="NES\Mapper\Mapper200.h">
      <Filter>NES\Mapper</Filter>
    </ClInclude>
    <ClInclude Include="NES\Mapper\Mapper200.hpp">
      <Filter>NES\Mapper</Filter>
    </ClInclude>
    <ClInclude Include="NES\Mapper\Mapper201.h">
      <Filter>NES\Mapper</Filter>
    </ClInclude>
    <ClInclude Include="NES\Mapper\Mapper201.hpp">
      <Filter>NES\Mapper</Filter>
    </ClInclude>
    <ClInclude Include="NES\Mapper\Mapper202.h">
      <Filter>NES\Mapper</Filter>
    </ClInclude>
    <ClInclude Include="NES\Mapper\Mapper202.hpp">
      <Filter>NES\Mapper</Filter>
    </ClInclude>
    <ClInclude Include="NES\Mapper\Mapper222.h">
      <Filter>NES\Mapper</Filter>
    </ClInclude>
    <ClInclude Include="NES\Mapper\Mapper222.hpp">
      <Filter>NES\Mapper</Filter>
    </ClInclude>
    <ClInclude Include="NES\Mapper\Mapper225.h">
      <Filter>NES\Mapper</Filter>
    </ClInclude>
    <ClInclude Include="NES\Mapper\Mapper225.hpp">
      <Filter>NES\Mapper</Filter>
    </ClInclude>
    <ClInclude Include="NES\Mapper\Mapper226.h">
      <Filter>NES\Mapper</Filter>
    </ClInclude>
    <ClInclude Include="NES\Mapper\Mapper226.hpp">
      <Filter>NES\Mapper</Filter>
    </ClInclude>
    <ClInclude Include="NES\Mapper\Mapper227.h">
      <Filter>NES\Mapper</Filter>
    </ClInclude>
    <ClInclude Include="NES\Mapper\Mapper227.hpp">
      <Filter>NES\Mapper</Filter>
    </ClInclude>
    <ClInclude Include="NES\Mapper\Mapper228.h">
      <Filter>NES\Mapper</Filter>
    </ClInclude>
    <ClInclude Include="NES\Mapper\Mapper228.hpp">
      <Filter>NES\Mapper</Filter>
    </ClInclude>
    <ClInclude Include="NES\Mapper\Mapper229.h">
      <Filter>NES\Mapper</Filter>
    </ClInclude>
    <ClInclude Include="NES\Mapper\Mapper229.hpp">
      <Filter>NES\Mapper</Filter>
    </ClInclude>
    <ClInclude Include="NES\Mapper\Mapper230.h">
      <Filter>NES\Mapper</Filter>
    </ClInclude>
    <ClInclude Include="NES\Mapper\Mapper230.hpp">
      <Filter>NES\Mapper</Filter>
    </ClInclude>
    <ClInclude Include="NES\Mapper\Mapper231.h">
      <Filter>NES\Mapper</Filter>
    </ClInclude>
    <ClInclude Include="NES\Mapper\Mapper231.hpp">
      <Filter>NES\Mapper</Filter>
    </ClInclude>
    <ClInclude Include="NES\Mapper\Mapper232.h">
      <Filter>NES\Mapper</Filter>
    </ClInclude>
    <ClInclude Include="NES\Mapper\Mapper232.hpp">
      <Filter>NES\Mapper</Filter>
    </ClInclude>
    <ClInclude Include="NES\Mapper\Mapper233.h">
      <Filter>NES\Mapper</Filter>
    </ClInclude>
    <ClInclude Include="NES\Mapper\Mapper233.hpp">
      <Filter>NES\Mapper</Filter>
    </ClInclude>
    <ClInclude Include="NES\Mapper\Mapper234.h">
      <Filter>NES\Mapper</Filter>
    </ClInclude>
    <ClInclude Include="NES\Mapper\Mapper234.hpp">
      <Filter>NES\Mapper</Filter>
    </ClInclude>
    <ClInclude Include="NES\Mapper\Mapper235.h">
      <Filter>NES\Mapper</Filter>
    </ClInclude>
    <ClInclude Include="NES\Mapper\Mapper235.hpp">
      <Filter>NES\Mapper</Filter>
    </ClInclude>
    <ClInclude Include="NES\Mapper\Mapper236.h">
      <Filter>NES\Mapper</Filter>
    </ClInclude>
    <ClInclude Include="NES\Mapper\Mapper236.hpp">
      <Filter>NES\Mapper</Filter>
    </ClInclude>
    <ClInclude Include="NES\Mapper\Mapper240.h">
      <Filter>NES\Mapper</Filter>
    </ClInclude>
    <ClInclude Include="NES\Mapper\Mapper240.hpp">
      <Filter>NES\Mapper</Filter>
    </ClInclude>
    <ClInclude Include="NES\Mapper\Mapper241.h">
      <Filter>NES\Mapper</Filter>
    </ClInclude>
    <ClInclude Include="NES\Mapper\Mapper241.hpp">
      <Filter>NES\Mapper</Filter>
    </ClInclude>
    <ClInclude Include="NES\Mapper\Mapper242.h">
      <Filter>NES\Mapper</Filter>
    </ClInclude>
    <ClInclude Include="NES\Mapper\Mapper242.hpp">
      <Filter>NES\Mapper</Filter>
    </ClInclude>
    <ClInclude Include="NES\Mapper\Mapper243.h">
      <Filter>NES\Mapper</Filter>
    </ClInclude>
    <ClInclude Include="NES\Mapper\Mapper243.hpp">
      <Filter>NES\Mapper</Filter>
    </ClInclude>
    <ClInclude Include="NES\Mapper\Mapper244.h">
      <Filter>NES\Mapper</Filter>
    </ClInclude>
    <ClInclude Include="NES\Mapper\Mapper244.hpp">
      <Filter>NES\Mapper</Filter>
    </ClInclude>
    <ClInclude Include="NES\Mapper\Mapper245.h">
      <Filter>NES\Mapper</Filter>
    </ClInclude>
    <ClInclude Include="NES\Mapper\Mapper245.hpp">
      <Filter>NES\Mapper</Filter>
    </ClInclude>
    <ClInclude Include="NES\Mapper\Mapper246.h">
      <Filter>NES\Mapper</Filter>
    </ClInclude>
    <ClInclude Include="NES\Mapper\Mapper246.hpp">
      <Filter>NES\Mapper</Filter>
    </ClInclude>
    <ClInclude Include="NES\Mapper\Mapper248.h">
      <Filter>NES\Mapper</Filter>
    </ClInclude>
    <ClInclude Include="NES\Mapper\Mapper248.hpp">
      <Filter>NES\Mapper</Filter>
    </ClInclude>
    <ClInclude Include="NES\Mapper\Mapper249.h">
      <Filter>NES\Mapper</Filter>
    </ClInclude>
    <ClInclude Include="NES\Mapper\Mapper249.hpp">
      <Filter>NES\Mapper</Filter>
    </ClInclude>
    <ClInclude Include="NES\Mapper\Mapper251.h">
      <Filter>NES\Mapper</Filter>
    </ClInclude>
    <ClInclude Include="NES\Mapper\Mapper251.hpp">
      <Filter>NES\Mapper</Filter>
    </ClInclude>
    <ClInclude Include="NES\Mapper\Mapper252.h">
      <Filter>NES\Mapper</Filter>
    </ClInclude>
    <ClInclude Include="NES\Mapper\Mapper252.hpp">
      <Filter>NES\Mapper</Filter>
    </ClInclude>
    <ClInclude Include="NES\Mapper\Mapper254.h">
      <Filter>NES\Mapper</Filter>
    </ClInclude>
    <ClInclude Include="NES\Mapper\Mapper254.hpp">
      <Filter>NES\Mapper</Filter>
    </ClInclude>
    <ClInclude Include="NES\Mapper\Mapper255.h">
      <Filter>NES\Mapper</Filter>
    </ClInclude>
    <ClInclude Include="NES\Mapper\Mapper255.hpp">
      <Filter>NES\Mapper</Filter>
    </ClInclude>
    <ClInclude Include="NES\Mapper\MapperFDS.h">
      <Filter>NES\Mapper</Filter>
    </ClInclude>
    <ClInclude Include="NES\Mapper\MapperFDS.hpp">
      <Filter>NES\Mapper</Filter>
    </ClInclude>
    <ClInclude Include="NES\Mapper\MapperNSF.h">
      <Filter>NES\Mapper</Filter>
    </ClInclude>
    <ClInclude Include="NES\Mapper\MapperNSF.hpp">
      <Filter>NES\Mapper</Filter>
    </ClInclude>
    <ClInclude Include="NES\PadEX\EXPAD.h">
      <Filter>NES\PadEx</Filter>
    </ClInclude>
    <ClInclude Include="NES\PadEX\EXPAD_CrazyClimber.h">
      <Filter>NES\PadEx</Filter>
    </ClInclude>
    <ClInclude Include="NES\PadEX\EXPAD_CrazyClimber.hpp">
      <Filter>NES\PadEx</Filter>
    </ClInclude>
    <ClInclude Include="NES\PadEX\EXPAD_ExcitingBoxing.h">
      <Filter>NES\PadEx</Filter>
    </ClInclude>
    <ClInclude Include="NES\PadEX\EXPAD_ExcitingBoxing.hpp">
      <Filter>NES\PadEx</Filter>
    </ClInclude>
    <ClInclude Include="NES\PadEX\EXPAD_FamlyTrainer.h">
      <Filter>NES\PadEx</Filter>
    </ClInclude>
    <ClInclude Include="NES\PadEX\EXPAD_FamlyTrainer.hpp">
      <Filter>NES\PadEx</Filter>
    </ClInclude>
    <ClInclude Include="NES\PadEX\EXPAD_Gyromite.h">
      <Filter>NES\PadEx</Filter>
    </ClInclude>
    <ClInclude Include="NES\PadEX\EXPAD_Gyromite.hpp">
      <Filter>NES\PadEx</Filter>
    </ClInclude>
    <ClInclude Include="NES\PadEX\EXPAD_HyperShot.h">
      <Filter>NES\PadEx</Filter>
    </ClInclude>
    <ClInclude Include="NES\PadEX\EXPAD_HyperShot.hpp">
      <Filter>NES\PadEx</Filter>
    </ClInclude>
    <ClInclude Include="NES\PadEX\EXPAD_Keyboard.h">
      <Filter>NES\PadEx</Filter>
    </ClInclude>
    <ClInclude Include="NES\PadEX\EXPAD_Keyboard.hpp">
      <Filter>NES\PadEx</Filter>
    </ClInclude>
    <ClInclude Include="NES\PadEX\EXPAD_Mahjang.h">
      <Filter>NES\PadEx</Filter>
    </ClInclude>
    <ClInclude Include="NES\PadEX\EXPAD_Mahjang.hpp">
      <Filter>NES\PadEx</Filter>
    </ClInclude>
    <ClInclude Include="NES\PadEX\EXPAD_OekakidsTablet.h">
      <Filter>NES\PadEx</Filter>
    </ClInclude>
    <ClInclude Include="NES\PadEX\EXPAD_OekakidsTablet.hpp">
      <Filter>NES\PadEx</Filter>
    </ClInclude>
    <ClInclude Include="NES\PadEX\EXPAD_Paddle.h">
      <Filter>NES\PadEx</Filter>
    </ClInclude>
    <ClInclude Include="NES\PadEX\EXPAD_Paddle.hpp">
      <Filter>NES\PadEx</Filter>
    </ClInclude>
    <ClInclude Include="NES\PadEX\EXPAD_SpaceShadowGun.h">
      <Filter>NES\PadEx</Filter>
    </ClInclude>
    <ClInclude Include="NES\PadEX\EXPAD_SpaceShadowGun.hpp">
      <Filter>NES\PadEx</Filter>
    </ClInclude>
    <ClInclude Include="NES\PadEX\EXPAD_Supor_Keyboard.h">
      <Filter>NES\PadEx</Filter>
    </ClInclude>
    <ClInclude Include="NES\PadEX\EXPAD_Supor_Keyboard.hpp">
      <Filter>NES\PadEx</Filter>
    </ClInclude>
    <ClInclude Include="NES\PadEX\EXPAD_Toprider.h">
      <Filter>NES\PadEx</Filter>
    </ClInclude>
    <ClInclude Include="NES\PadEX\EXPAD_Toprider.hpp">
      <Filter>NES\PadEx</Filter>
    </ClInclude>
    <ClInclude Include="NES\PadEX\EXPAD_TurboFile.h">
      <Filter>NES\PadEx</Filter>
    </ClInclude>
    <ClInclude Include="NES\PadEX\EXPAD_TurboFile.hpp">
      <Filter>NES\PadEx</Filter>
    </ClInclude>
    <ClInclude Include="NES\PadEX\EXPAD_VSUnisystem.h">
      <Filter>NES\PadEx</Filter>
    </ClInclude>
    <ClInclude Include="NES\PadEX\EXPAD_VSUnisystem.hpp">
      <Filter>NES\PadEx</Filter>
    </ClInclude>
    <ClInclude Include="NES\PadEX\EXPAD_VSZapper.h">
      <Filter>NES\PadEx</Filter>
    </ClInclude>
    <ClInclude Include="NES\PadEX\EXPAD_VSZapper.hpp">
      <Filter>NES\PadEx</Filter>
    </ClInclude>
    <ClInclude Include="NES\PadEX\EXPAD_Zapper.h">
      <Filter>NES\PadEx</Filter>
    </ClInclude>
    <ClInclude Include="NES\PadEX\EXPAD_Zapper.hpp">
      <Filter>NES\PadEx</Filter>
    </ClInclude>
    <ClInclude Include="zlib\crc32.h">
      <Filter>Zlib</Filter>
    </ClInclude>
    <ClInclude Include="zlib\deflate.h">
      <Filter>Zlib</Filter>
    </ClInclude>
    <ClInclude Include="zlib\gzguts.h">
      <Filter>Zlib</Filter>
    </ClInclude>
    <ClInclude Include="zlib\inffast.h">
      <Filter>Zlib</Filter>
    </ClInclude>
    <ClInclude Include="zlib\inffixed.h">
      <Filter>Zlib</Filter>
    </ClInclude>
    <ClInclude Include="zlib\inflate.h">
      <Filter>Zlib</Filter>
    </ClInclude>
    <ClInclude Include="zlib\inftrees.h">
      <Filter>Zlib</Filter>
    </ClInclude>
    <ClInclude Include="zlib\trees.h">
      <Filter>Zlib</Filter>
    </ClInclude>
    <ClInclude Include="zlib\zconf.h">
      <Filter>Zlib</Filter>
    </ClInclude>
    <ClInclude Include="zlib\zlib.h">
      <Filter>Zlib</Filter>
    </ClInclude>
    <ClInclude Include="zlib\zutil.h">
      <Filter>Zlib</Filter>
    </ClInclude>
    <ClInclude Include="zlib\minizip\unzip.h">
      <Filter>Zlib\minizip</Filter>
    </ClInclude>
    <ClInclude Include="zlib\minizip\ioapi.h">
      <Filter>Zlib\minizip</Filter>
    </ClInclude>
    <ClInclude Include="Base\CCfgController.h">
      <Filter>Base</Filter>
    </ClInclude>
    <ClInclude Include="Base\CCfgEmulator.h">
      <Filter>Base</Filter>
    </ClInclude>
    <ClInclude Include="Base\CCfgGraphics.h">
      <Filter>Base</Filter>
    </ClInclude>
    <ClInclude Include="Base\CCfgMovie.h">
      <Filter>Base</Filter>
    </ClInclude>
    <ClInclude Include="Base\CCfgPath.h">
      <Filter>Base</Filter>
    </ClInclude>
    <ClInclude Include="Base\CCfgSound.h">
      <Filter>Base</Filter>
    </ClInclude>
    <ClInclude Include="Base\CGameOption.h">
      <Filter>Base</Filter>
    </ClInclude>
    <ClInclude Include="Base\ConfigWrapper.h">
      <Filter>Base</Filter>
    </ClInclude>
    <ClInclude Include="Base\Config.h">
      <Filter>Base</Filter>
    </ClInclude>
    <ClInclude Include="Base\DebugOut.h">
      <Filter>Base</Filter>
    </ClInclude>
    <ClInclude Include="Base\APIWrapper.h">
      <Filter>Base</Filter>
    </ClInclude>
    <ClInclude Include="Base\AppWrapper.h">
      <Filter>Base</Filter>
    </ClInclude>
    <ClInclude Include="Base\Macro.h">
      <Filter>Base</Filter>
    </ClInclude>
    <ClInclude Include="Base\Pathlib.h">
      <Filter>Base</Filter>
    </ClInclude>
    <ClInclude Include="Base\Crclib.h">
      <Filter>Base</Filter>
    </ClInclude>
    <ClInclude Include="Base\Archive.h">
      <Filter>Base</Filter>
    </ClInclude>
    <ClInclude Include="App\AboutDlg.h">
      <Filter>App</Filter>
    </ClInclude>
    <ClInclude Include="App\App.h">
      <Filter>App</Filter>
    </ClInclude>
    <ClInclude Include="App\AviConvDlg.h">
      <Filter>App</Filter>
    </ClInclude>
    <ClInclude Include="App\AviWriter.h">
      <Filter>App</Filter>
    </ClInclude>
    <ClInclude Include="App\ChatDlg.h">
      <Filter>App</Filter>
    </ClInclude>
    <ClInclude Include="App\CheatDlg.h">
      <Filter>App</Filter>
    </ClInclude>
    <ClInclude Include="App\CHyperLink.h">
      <Filter>App</Filter>
    </ClInclude>
    <ClInclude Include="App\Com.h">
      <Filter>App</Filter>
    </ClInclude>
    <ClInclude Include="App\ControllerDlg.h">
      <Filter>App</Filter>
    </ClInclude>
    <ClInclude Include="App\DatachBarcodeDlg.h">
      <Filter>App</Filter>
    </ClInclude>
    <ClInclude Include="App\DipSwitchDlg.h">
      <Filter>App</Filter>
    </ClInclude>
    <ClInclude Include="App\EmulatorDlg.h">
      <Filter>App</Filter>
    </ClInclude>
    <ClInclude Include="App\EmuThread.h">
      <Filter>App</Filter>
    </ClInclude>
    <ClInclude Include="App\FolderDlg.h">
      <Filter>App</Filter>
    </ClInclude>
    <ClInclude Include="App\GameOptionDlg.h">
      <Filter>App</Filter>
    </ClInclude>
    <ClInclude Include="App\GraphicsDlg.h">
      <Filter>App</Filter>
    </ClInclude>
    <ClInclude Include="App\hq2x.h">
      <Filter>App</Filter>
    </ClInclude>
    <ClInclude Include="App\interp.h">
      <Filter>App</Filter>
    </ClInclude>
    <ClInclude Include="App\JoyAxisDlg.h">
      <Filter>App</Filter>
    </ClInclude>
    <ClInclude Include="App\LanguageDlg.h">
      <Filter>App</Filter>
    </ClInclude>
    <ClInclude Include="App\LauncherDlg.h">
      <Filter>App</Filter>
    </ClInclude>
    <ClInclude Include="App\lq2x.h">
      <Filter>App</Filter>
    </ClInclude>
    <ClInclude Include="App\lzAscii.h">
      <Filter>App</Filter>
    </ClInclude>
    <ClInclude Include="App\lzSight.h">
      <Filter>App</Filter>
    </ClInclude>
    <ClInclude Include="App\lzTVlayer.h">
      <Filter>App</Filter>
    </ClInclude>
    <ClInclude Include="App\MainFrame.h">
      <Filter>App</Filter>
    </ClInclude>
    <ClInclude Include="App\MemoryView.h">
      <Filter>App</Filter>
    </ClInclude>
    <ClInclude Include="App\MMTimer.h">
      <Filter>App</Filter>
    </ClInclude>
    <ClInclude Include="App\MovieDlg.h">
      <Filter>App</Filter>
    </ClInclude>
    <ClInclude Include="App\MovieInfoDlg.h">
      <Filter>App</Filter>
    </ClInclude>
    <ClInclude Include="App\NameTableView.h">
      <Filter>App</Filter>
    </ClInclude>
    <ClInclude Include="App\NetPlay.h">
      <Filter>App</Filter>
    </ClInclude>
    <ClInclude Include="App\NetPlayDlg.h">
      <Filter>App</Filter>
    </ClInclude>
    <ClInclude Include="App\nx_2xSaI.h">
      <Filter>App</Filter>
    </ClInclude>
    <ClInclude Include="App\nx_hq2x.h">
      <Filter>App</Filter>
    </ClInclude>
    <ClInclude Include="App\nx_Scale2x.h">
      <Filter>App</Filter>
    </ClInclude>
    <ClInclude Include="App\nx_Super2xSaI.h">
      <Filter>App</Filter>
    </ClInclude>
    <ClInclude Include="App\nx_SuperEagle.h">
      <Filter>App</Filter>
    </ClInclude>
    <ClInclude Include="App\PaletteEdit.h">
      <Filter>App</Filter>
    </ClInclude>
    <ClInclude Include="App\PaletteView.h">
      <Filter>App</Filter>
    </ClInclude>
    <ClInclude Include="App\PatternView.h">
      <Filter>App</Filter>
    </ClInclude>
    <ClInclude Include="App\Plugin.h">
      <Filter>App</Filter>
    </ClInclude>
    <ClInclude Include="App\Pngwrite.h">
      <Filter>App</Filter>
    </ClInclude>
    <ClInclude Include="App\Recent.h">
      <Filter>App</Filter>
    </ClInclude>
    <ClInclude Include="App\Render.h">
      <Filter>App</Filter>
    </ClInclude>
    <ClInclude Include="App\Render16bpp.h">
      <Filter>App</Filter>
    </ClInclude>
    <ClInclude Include="App\Render24bpp.h">
      <Filter>App</Filter>
    </ClInclude>
    <ClInclude Include="App\Render32bpp.h">
      <Filter>App</Filter>
    </ClInclude>
    <ClInclude Include="App\Render8bpp.h">
      <Filter>App</Filter>
    </ClInclude>
    <ClInclude Include="App\RomInfoDlg.h">
      <Filter>App</Filter>
    </ClInclude>
    <ClInclude Include="App\ShortcutDlg.h">
      <Filter>App</Filter>
    </ClInclude>
    <ClInclude Include="App\SoundDlg.h">
      <Filter>App</Filter>
    </ClInclude>
    <ClInclude Include="App\WaveRec.h">
      <Filter>App</Filter>
    </ClInclude>
    <ClInclude Include="App\Wnd.h">
      <Filter>App</Filter>
    </ClInclude>
    <ClInclude Include="App\WndHook.h">
      <Filter>App</Filter>
    </ClInclude>
    <ClInclude Include="ExtSoundFile.h">
      <Filter>Header Files</Filter>
    </ClInclude>
    <ClInclude Include="App\Registry.h">
      <Filter>App</Filter>
    </ClInclude>
    <ClInclude Include="App\DirectSound.h">
      <Filter>App</Filter>
    </ClInclude>
    <ClInclude Include="App\DirectDraw.h">
      <Filter>App</Filter>
    </ClInclude>
    <ClInclude Include="App\DirectInput.h">
      <Filter>App</Filter>
    </ClInclude>
    <ClInclude Include="resource.h">
      <Filter>Header Files</Filter>
    </ClInclude>
    <ClInclude Include="NES\CPUExecutor.hpp">
      <Filter>NES</Filter>
    </ClInclude>
  </ItemGroup>
  <ItemGroup>
    <Image Include="CheatImageList.bmp">
      <Filter>Resource Files</Filter>
    </Image>
    <Image Include="res\header_down.ico">
      <Filter>Resource Files</Filter>
    </Image>
    <Image Include="res\header_up.ico">
      <Filter>Resource Files</Filter>
    </Image>
    <Image Include="LauncherImageList.bmp">
      <Filter>Resource Files</Filter>
    </Image>
    <Image Include="res\VirtuaNES.ico">
      <Filter>Resource Files</Filter>
    </Image>
  </ItemGroup>
  <ItemGroup>
    <ResourceCompile Include="VirtuaNES.rc">
      <Filter>Resource Files</Filter>
    </ResourceCompile>
  </ItemGroup>
</Project>